// !$*UTF8*$!
{
	archiveVersion = 1;
	classes = {
	};
	objectVersion = 77;
	objects = {

/* Begin PBXContainerItemProxy section */
		47C8C9142D541EAB00F2CEA0 /* PBXContainerItemProxy */ = {
			isa = PBXContainerItemProxy;
			containerPortal = 47C8C8F52D541EAA00F2CEA0 /* Project object */;
			proxyType = 1;
			remoteGlobalIDString = 47C8C8FC2D541EAA00F2CEA0;
			remoteInfo = GitHubProfileAgileContent;
		};
		47C8C91E2D541EAB00F2CEA0 /* PBXContainerItemProxy */ = {
			isa = PBXContainerItemProxy;
			containerPortal = 47C8C8F52D541EAA00F2CEA0 /* Project object */;
			proxyType = 1;
			remoteGlobalIDString = 47C8C8FC2D541EAA00F2CEA0;
			remoteInfo = GitHubProfileAgileContent;
		};
/* End PBXContainerItemProxy section */

/* Begin PBXFileReference section */
		47C8C8FD2D541EAA00F2CEA0 /* GitHubProfileAgileContent.app */ = {isa = PBXFileReference; explicitFileType = wrapper.application; includeInIndex = 0; path = GitHubProfileAgileContent.app; sourceTree = BUILT_PRODUCTS_DIR; };
		47C8C9132D541EAB00F2CEA0 /* GitHubProfileAgileContentTests.xctest */ = {isa = PBXFileReference; explicitFileType = wrapper.cfbundle; includeInIndex = 0; path = GitHubProfileAgileContentTests.xctest; sourceTree = BUILT_PRODUCTS_DIR; };
		47C8C91D2D541EAB00F2CEA0 /* GitHubProfileAgileContentUITests.xctest */ = {isa = PBXFileReference; explicitFileType = wrapper.cfbundle; includeInIndex = 0; path = GitHubProfileAgileContentUITests.xctest; sourceTree = BUILT_PRODUCTS_DIR; };
/* End PBXFileReference section */

/* Begin PBXFileSystemSynchronizedBuildFileExceptionSet section */
		47C8C9252D541EAB00F2CEA0 /* Exceptions for "GitHubProfileAgileContent" folder in "GitHubProfileAgileContent" target */ = {
			isa = PBXFileSystemSynchronizedBuildFileExceptionSet;
			membershipExceptions = (
				Info.plist,
			);
			target = 47C8C8FC2D541EAA00F2CEA0 /* GitHubProfileAgileContent */;
		};
/* End PBXFileSystemSynchronizedBuildFileExceptionSet section */

/* Begin PBXFileSystemSynchronizedRootGroup section */
		47C8C8FF2D541EAA00F2CEA0 /* GitHubProfileAgileContent */ = {
			isa = PBXFileSystemSynchronizedRootGroup;
			exceptions = (
				47C8C9252D541EAB00F2CEA0 /* Exceptions for "GitHubProfileAgileContent" folder in "GitHubProfileAgileContent" target */,
			);
			path = GitHubProfileAgileContent;
			sourceTree = "<group>";
		};
		47C8C9162D541EAB00F2CEA0 /* GitHubProfileAgileContentTests */ = {
			isa = PBXFileSystemSynchronizedRootGroup;
			path = GitHubProfileAgileContentTests;
			sourceTree = "<group>";
		};
/* End PBXFileSystemSynchronizedRootGroup section */

/* Begin PBXFrameworksBuildPhase section */
		47C8C8FA2D541EAA00F2CEA0 /* Frameworks */ = {
			isa = PBXFrameworksBuildPhase;
			buildActionMask = 2147483647;
			files = (
			);
			runOnlyForDeploymentPostprocessing = 0;
		};
		47C8C9102D541EAB00F2CEA0 /* Frameworks */ = {
			isa = PBXFrameworksBuildPhase;
			buildActionMask = 2147483647;
			files = (
			);
			runOnlyForDeploymentPostprocessing = 0;
		};
		47C8C91A2D541EAB00F2CEA0 /* Frameworks */ = {
			isa = PBXFrameworksBuildPhase;
			buildActionMask = 2147483647;
			files = (
			);
			runOnlyForDeploymentPostprocessing = 0;
		};
/* End PBXFrameworksBuildPhase section */

/* Begin PBXGroup section */
		47C8C8F42D541EAA00F2CEA0 = {
			isa = PBXGroup;
			children = (
				47C8C8FF2D541EAA00F2CEA0 /* GitHubProfileAgileContent */,
				47C8C9162D541EAB00F2CEA0 /* GitHubProfileAgileContentTests */,
				47C8C8FE2D541EAA00F2CEA0 /* Products */,
			);
			sourceTree = "<group>";
		};
		47C8C8FE2D541EAA00F2CEA0 /* Products */ = {
			isa = PBXGroup;
			children = (
				47C8C8FD2D541EAA00F2CEA0 /* GitHubProfileAgileContent.app */,
				47C8C9132D541EAB00F2CEA0 /* GitHubProfileAgileContentTests.xctest */,
				47C8C91D2D541EAB00F2CEA0 /* GitHubProfileAgileContentUITests.xctest */,
			);
			name = Products;
			sourceTree = "<group>";
		};
/* End PBXGroup section */

/* Begin PBXNativeTarget section */
		47C8C8FC2D541EAA00F2CEA0 /* GitHubProfileAgileContent */ = {
			isa = PBXNativeTarget;
			buildConfigurationList = 47C8C9262D541EAB00F2CEA0 /* Build configuration list for PBXNativeTarget "GitHubProfileAgileContent" */;
			buildPhases = (
				47C8C8F92D541EAA00F2CEA0 /* Sources */,
				47C8C8FA2D541EAA00F2CEA0 /* Frameworks */,
				47C8C8FB2D541EAA00F2CEA0 /* Resources */,
			);
			buildRules = (
			);
			dependencies = (
			);
			fileSystemSynchronizedGroups = (
				47C8C8FF2D541EAA00F2CEA0 /* GitHubProfileAgileContent */,
			);
			name = GitHubProfileAgileContent;
			packageProductDependencies = (
			);
			productName = GitHubProfileAgileContent;
			productReference = 47C8C8FD2D541EAA00F2CEA0 /* GitHubProfileAgileContent.app */;
			productType = "com.apple.product-type.application";
		};
		47C8C9122D541EAB00F2CEA0 /* GitHubProfileAgileContentTests */ = {
			isa = PBXNativeTarget;
			buildConfigurationList = 47C8C92B2D541EAB00F2CEA0 /* Build configuration list for PBXNativeTarget "GitHubProfileAgileContentTests" */;
			buildPhases = (
				47C8C90F2D541EAB00F2CEA0 /* Sources */,
				47C8C9102D541EAB00F2CEA0 /* Frameworks */,
				47C8C9112D541EAB00F2CEA0 /* Resources */,
			);
			buildRules = (
			);
			dependencies = (
				47C8C9152D541EAB00F2CEA0 /* PBXTargetDependency */,
			);
			fileSystemSynchronizedGroups = (
				47C8C9162D541EAB00F2CEA0 /* GitHubProfileAgileContentTests */,
			);
			name = GitHubProfileAgileContentTests;
			packageProductDependencies = (
			);
			productName = GitHubProfileAgileContentTests;
			productReference = 47C8C9132D541EAB00F2CEA0 /* GitHubProfileAgileContentTests.xctest */;
			productType = "com.apple.product-type.bundle.unit-test";
		};
		47C8C91C2D541EAB00F2CEA0 /* GitHubProfileAgileContentUITests */ = {
			isa = PBXNativeTarget;
			buildConfigurationList = 47C8C92E2D541EAB00F2CEA0 /* Build configuration list for PBXNativeTarget "GitHubProfileAgileContentUITests" */;
			buildPhases = (
				47C8C9192D541EAB00F2CEA0 /* Sources */,
				47C8C91A2D541EAB00F2CEA0 /* Frameworks */,
				47C8C91B2D541EAB00F2CEA0 /* Resources */,
			);
			buildRules = (
			);
			dependencies = (
				47C8C91F2D541EAB00F2CEA0 /* PBXTargetDependency */,
			);
			name = GitHubProfileAgileContentUITests;
			packageProductDependencies = (
			);
			productName = GitHubProfileAgileContentUITests;
			productReference = 47C8C91D2D541EAB00F2CEA0 /* GitHubProfileAgileContentUITests.xctest */;
			productType = "com.apple.product-type.bundle.ui-testing";
		};
/* End PBXNativeTarget section */

/* Begin PBXProject section */
		47C8C8F52D541EAA00F2CEA0 /* Project object */ = {
			isa = PBXProject;
			attributes = {
				BuildIndependentTargetsInParallel = 1;
				LastSwiftUpdateCheck = 1620;
				LastUpgradeCheck = 1620;
				TargetAttributes = {
					47C8C8FC2D541EAA00F2CEA0 = {
						CreatedOnToolsVersion = 16.2;
					};
					47C8C9122D541EAB00F2CEA0 = {
						CreatedOnToolsVersion = 16.2;
						TestTargetID = 47C8C8FC2D541EAA00F2CEA0;
					};
					47C8C91C2D541EAB00F2CEA0 = {
						CreatedOnToolsVersion = 16.2;
						TestTargetID = 47C8C8FC2D541EAA00F2CEA0;
					};
				};
			};
			buildConfigurationList = 47C8C8F82D541EAA00F2CEA0 /* Build configuration list for PBXProject "GitHubProfileAgileContent" */;
			developmentRegion = en;
			hasScannedForEncodings = 0;
			knownRegions = (
				en,
				Base,
			);
			mainGroup = 47C8C8F42D541EAA00F2CEA0;
			minimizedProjectReferenceProxies = 1;
			preferredProjectObjectVersion = 77;
			productRefGroup = 47C8C8FE2D541EAA00F2CEA0 /* Products */;
			projectDirPath = "";
			projectRoot = "";
			targets = (
				47C8C8FC2D541EAA00F2CEA0 /* GitHubProfileAgileContent */,
				47C8C9122D541EAB00F2CEA0 /* GitHubProfileAgileContentTests */,
				47C8C91C2D541EAB00F2CEA0 /* GitHubProfileAgileContentUITests */,
			);
		};
/* End PBXProject section */

/* Begin PBXResourcesBuildPhase section */
		47C8C8FB2D541EAA00F2CEA0 /* Resources */ = {
			isa = PBXResourcesBuildPhase;
			buildActionMask = 2147483647;
			files = (
			);
			runOnlyForDeploymentPostprocessing = 0;
		};
		47C8C9112D541EAB00F2CEA0 /* Resources */ = {
			isa = PBXResourcesBuildPhase;
			buildActionMask = 2147483647;
			files = (
			);
			runOnlyForDeploymentPostprocessing = 0;
		};
		47C8C91B2D541EAB00F2CEA0 /* Resources */ = {
			isa = PBXResourcesBuildPhase;
			buildActionMask = 2147483647;
			files = (
			);
			runOnlyForDeploymentPostprocessing = 0;
		};
/* End PBXResourcesBuildPhase section */

/* Begin PBXSourcesBuildPhase section */
		47C8C8F92D541EAA00F2CEA0 /* Sources */ = {
			isa = PBXSourcesBuildPhase;
			buildActionMask = 2147483647;
			files = (
			);
			runOnlyForDeploymentPostprocessing = 0;
		};
		47C8C90F2D541EAB00F2CEA0 /* Sources */ = {
			isa = PBXSourcesBuildPhase;
			buildActionMask = 2147483647;
			files = (
			);
			runOnlyForDeploymentPostprocessing = 0;
		};
		47C8C9192D541EAB00F2CEA0 /* Sources */ = {
			isa = PBXSourcesBuildPhase;
			buildActionMask = 2147483647;
			files = (
			);
			runOnlyForDeploymentPostprocessing = 0;
		};
/* End PBXSourcesBuildPhase section */

/* Begin PBXTargetDependency section */
		47C8C9152D541EAB00F2CEA0 /* PBXTargetDependency */ = {
			isa = PBXTargetDependency;
			target = 47C8C8FC2D541EAA00F2CEA0 /* GitHubProfileAgileContent */;
			targetProxy = 47C8C9142D541EAB00F2CEA0 /* PBXContainerItemProxy */;
		};
		47C8C91F2D541EAB00F2CEA0 /* PBXTargetDependency */ = {
			isa = PBXTargetDependency;
			target = 47C8C8FC2D541EAA00F2CEA0 /* GitHubProfileAgileContent */;
			targetProxy = 47C8C91E2D541EAB00F2CEA0 /* PBXContainerItemProxy */;
		};
/* End PBXTargetDependency section */

/* Begin XCBuildConfiguration section */
		47C8C9272D541EAB00F2CEA0 /* Debug */ = {
			isa = XCBuildConfiguration;
			buildSettings = {
				ASSETCATALOG_COMPILER_APPICON_NAME = AppIcon;
				ASSETCATALOG_COMPILER_GLOBAL_ACCENT_COLOR_NAME = AccentColor;
				CODE_SIGN_STYLE = Automatic;
				CURRENT_PROJECT_VERSION = 1;
				GENERATE_INFOPLIST_FILE = YES;
				INFOPLIST_FILE = GitHubProfileAgileContent/Info.plist;
				INFOPLIST_KEY_UIApplicationSupportsIndirectInputEvents = YES;
				INFOPLIST_KEY_UILaunchStoryboardName = LaunchScreen;
				INFOPLIST_KEY_UIMainStoryboardFile = Main;
				INFOPLIST_KEY_UISupportedInterfaceOrientations_iPad = "UIInterfaceOrientationPortrait UIInterfaceOrientationPortraitUpsideDown UIInterfaceOrientationLandscapeLeft UIInterfaceOrientationLandscapeRight";
				INFOPLIST_KEY_UISupportedInterfaceOrientations_iPhone = "UIInterfaceOrientationPortrait UIInterfaceOrientationLandscapeLeft UIInterfaceOrientationLandscapeRight";
				LD_RUNPATH_SEARCH_PATHS = (
					"$(inherited)",
					"@executable_path/Frameworks",
				);
				MARKETING_VERSION = 1.0;
				PRODUCT_BUNDLE_IDENTIFIER = br.com.agile.GitHubProfileAgileContent;
				PRODUCT_NAME = "$(TARGET_NAME)";
				SWIFT_EMIT_LOC_STRINGS = YES;
				SWIFT_VERSION = 5.0;
				TARGETED_DEVICE_FAMILY = "1,2";
			};
			name = Debug;
		};
		47C8C9282D541EAB00F2CEA0 /* Release */ = {
			isa = XCBuildConfiguration;
			buildSettings = {
				ASSETCATALOG_COMPILER_APPICON_NAME = AppIcon;
				ASSETCATALOG_COMPILER_GLOBAL_ACCENT_COLOR_NAME = AccentColor;
				CODE_SIGN_STYLE = Automatic;
				CURRENT_PROJECT_VERSION = 1;
				GENERATE_INFOPLIST_FILE = YES;
				INFOPLIST_FILE = GitHubProfileAgileContent/Info.plist;
				INFOPLIST_KEY_UIApplicationSupportsIndirectInputEvents = YES;
				INFOPLIST_KEY_UILaunchStoryboardName = LaunchScreen;
				INFOPLIST_KEY_UIMainStoryboardFile = Main;
				INFOPLIST_KEY_UISupportedInterfaceOrientations_iPad = "UIInterfaceOrientationPortrait UIInterfaceOrientationPortraitUpsideDown UIInterfaceOrientationLandscapeLeft UIInterfaceOrientationLandscapeRight";
				INFOPLIST_KEY_UISupportedInterfaceOrientations_iPhone = "UIInterfaceOrientationPortrait UIInterfaceOrientationLandscapeLeft UIInterfaceOrientationLandscapeRight";
				LD_RUNPATH_SEARCH_PATHS = (
					"$(inherited)",
					"@executable_path/Frameworks",
				);
				MARKETING_VERSION = 1.0;
				PRODUCT_BUNDLE_IDENTIFIER = br.com.agile.GitHubProfileAgileContent;
				PRODUCT_NAME = "$(TARGET_NAME)";
				SWIFT_EMIT_LOC_STRINGS = YES;
				SWIFT_VERSION = 5.0;
				TARGETED_DEVICE_FAMILY = "1,2";
			};
			name = Release;
		};
		47C8C9292D541EAB00F2CEA0 /* Debug */ = {
			isa = XCBuildConfiguration;
			buildSettings = {
				ALWAYS_SEARCH_USER_PATHS = NO;
				ASSETCATALOG_COMPILER_GENERATE_SWIFT_ASSET_SYMBOL_EXTENSIONS = YES;
				CLANG_ANALYZER_NONNULL = YES;
				CLANG_ANALYZER_NUMBER_OBJECT_CONVERSION = YES_AGGRESSIVE;
				CLANG_CXX_LANGUAGE_STANDARD = "gnu++20";
				CLANG_ENABLE_MODULES = YES;
				CLANG_ENABLE_OBJC_ARC = YES;
				CLANG_ENABLE_OBJC_WEAK = YES;
				CLANG_WARN_BLOCK_CAPTURE_AUTORELEASING = YES;
				CLANG_WARN_BOOL_CONVERSION = YES;
				CLANG_WARN_COMMA = YES;
				CLANG_WARN_CONSTANT_CONVERSION = YES;
				CLANG_WARN_DEPRECATED_OBJC_IMPLEMENTATIONS = YES;
				CLANG_WARN_DIRECT_OBJC_ISA_USAGE = YES_ERROR;
				CLANG_WARN_DOCUMENTATION_COMMENTS = YES;
				CLANG_WARN_EMPTY_BODY = YES;
				CLANG_WARN_ENUM_CONVERSION = YES;
				CLANG_WARN_INFINITE_RECURSION = YES;
				CLANG_WARN_INT_CONVERSION = YES;
				CLANG_WARN_NON_LITERAL_NULL_CONVERSION = YES;
				CLANG_WARN_OBJC_IMPLICIT_RETAIN_SELF = YES;
				CLANG_WARN_OBJC_LITERAL_CONVERSION = YES;
				CLANG_WARN_OBJC_ROOT_CLASS = YES_ERROR;
				CLANG_WARN_QUOTED_INCLUDE_IN_FRAMEWORK_HEADER = YES;
				CLANG_WARN_RANGE_LOOP_ANALYSIS = YES;
				CLANG_WARN_STRICT_PROTOTYPES = YES;
				CLANG_WARN_SUSPICIOUS_MOVE = YES;
				CLANG_WARN_UNGUARDED_AVAILABILITY = YES_AGGRESSIVE;
				CLANG_WARN_UNREACHABLE_CODE = YES;
				CLANG_WARN__DUPLICATE_METHOD_MATCH = YES;
				COPY_PHASE_STRIP = NO;
				DEBUG_INFORMATION_FORMAT = dwarf;
				ENABLE_STRICT_OBJC_MSGSEND = YES;
				ENABLE_TESTABILITY = YES;
				ENABLE_USER_SCRIPT_SANDBOXING = YES;
				GCC_C_LANGUAGE_STANDARD = gnu17;
				GCC_DYNAMIC_NO_PIC = NO;
				GCC_NO_COMMON_BLOCKS = YES;
				GCC_OPTIMIZATION_LEVEL = 0;
				GCC_PREPROCESSOR_DEFINITIONS = (
					"DEBUG=1",
					"$(inherited)",
				);
				GCC_WARN_64_TO_32_BIT_CONVERSION = YES;
				GCC_WARN_ABOUT_RETURN_TYPE = YES_ERROR;
				GCC_WARN_UNDECLARED_SELECTOR = YES;
				GCC_WARN_UNINITIALIZED_AUTOS = YES_AGGRESSIVE;
				GCC_WARN_UNUSED_FUNCTION = YES;
				GCC_WARN_UNUSED_VARIABLE = YES;
				IPHONEOS_DEPLOYMENT_TARGET = 18.2;
				LOCALIZATION_PREFERS_STRING_CATALOGS = YES;
				MTL_ENABLE_DEBUG_INFO = INCLUDE_SOURCE;
				MTL_FAST_MATH = YES;
				ONLY_ACTIVE_ARCH = YES;
				SDKROOT = iphoneos;
				SWIFT_ACTIVE_COMPILATION_CONDITIONS = "DEBUG $(inherited)";
				SWIFT_OPTIMIZATION_LEVEL = "-Onone";
			};
			name = Debug;
		};
		47C8C92A2D541EAB00F2CEA0 /* Release */ = {
			isa = XCBuildConfiguration;
			buildSettings = {
				ALWAYS_SEARCH_USER_PATHS = NO;
				ASSETCATALOG_COMPILER_GENERATE_SWIFT_ASSET_SYMBOL_EXTENSIONS = YES;
				CLANG_ANALYZER_NONNULL = YES;
				CLANG_ANALYZER_NUMBER_OBJECT_CONVERSION = YES_AGGRESSIVE;
				CLANG_CXX_LANGUAGE_STANDARD = "gnu++20";
				CLANG_ENABLE_MODULES = YES;
				CLANG_ENABLE_OBJC_ARC = YES;
				CLANG_ENABLE_OBJC_WEAK = YES;
				CLANG_WARN_BLOCK_CAPTURE_AUTORELEASING = YES;
				CLANG_WARN_BOOL_CONVERSION = YES;
				CLANG_WARN_COMMA = YES;
				CLANG_WARN_CONSTANT_CONVERSION = YES;
				CLANG_WARN_DEPRECATED_OBJC_IMPLEMENTATIONS = YES;
				CLANG_WARN_DIRECT_OBJC_ISA_USAGE = YES_ERROR;
				CLANG_WARN_DOCUMENTATION_COMMENTS = YES;
				CLANG_WARN_EMPTY_BODY = YES;
				CLANG_WARN_ENUM_CONVERSION = YES;
				CLANG_WARN_INFINITE_RECURSION = YES;
				CLANG_WARN_INT_CONVERSION = YES;
				CLANG_WARN_NON_LITERAL_NULL_CONVERSION = YES;
				CLANG_WARN_OBJC_IMPLICIT_RETAIN_SELF = YES;
				CLANG_WARN_OBJC_LITERAL_CONVERSION = YES;
				CLANG_WARN_OBJC_ROOT_CLASS = YES_ERROR;
				CLANG_WARN_QUOTED_INCLUDE_IN_FRAMEWORK_HEADER = YES;
				CLANG_WARN_RANGE_LOOP_ANALYSIS = YES;
				CLANG_WARN_STRICT_PROTOTYPES = YES;
				CLANG_WARN_SUSPICIOUS_MOVE = YES;
				CLANG_WARN_UNGUARDED_AVAILABILITY = YES_AGGRESSIVE;
				CLANG_WARN_UNREACHABLE_CODE = YES;
				CLANG_WARN__DUPLICATE_METHOD_MATCH = YES;
				COPY_PHASE_STRIP = NO;
				DEBUG_INFORMATION_FORMAT = "dwarf-with-dsym";
				ENABLE_NS_ASSERTIONS = NO;
				ENABLE_STRICT_OBJC_MSGSEND = YES;
				ENABLE_USER_SCRIPT_SANDBOXING = YES;
				GCC_C_LANGUAGE_STANDARD = gnu17;
				GCC_NO_COMMON_BLOCKS = YES;
				GCC_WARN_64_TO_32_BIT_CONVERSION = YES;
				GCC_WARN_ABOUT_RETURN_TYPE = YES_ERROR;
				GCC_WARN_UNDECLARED_SELECTOR = YES;
				GCC_WARN_UNINITIALIZED_AUTOS = YES_AGGRESSIVE;
				GCC_WARN_UNUSED_FUNCTION = YES;
				GCC_WARN_UNUSED_VARIABLE = YES;
				IPHONEOS_DEPLOYMENT_TARGET = 18.2;
				LOCALIZATION_PREFERS_STRING_CATALOGS = YES;
				MTL_ENABLE_DEBUG_INFO = NO;
				MTL_FAST_MATH = YES;
				SDKROOT = iphoneos;
				SWIFT_COMPILATION_MODE = wholemodule;
				VALIDATE_PRODUCT = YES;
			};
			name = Release;
		};
		47C8C92C2D541EAB00F2CEA0 /* Debug */ = {
			isa = XCBuildConfiguration;
			buildSettings = {
				BUNDLE_LOADER = "$(TEST_HOST)";
				CODE_SIGN_STYLE = Automatic;
				CURRENT_PROJECT_VERSION = 1;
				GENERATE_INFOPLIST_FILE = YES;
				IPHONEOS_DEPLOYMENT_TARGET = 18.2;
				MARKETING_VERSION = 1.0;
				PRODUCT_BUNDLE_IDENTIFIER = br.com.agile.GitHubProfileAgileContentTests;
				PRODUCT_NAME = "$(TARGET_NAME)";
				SWIFT_EMIT_LOC_STRINGS = NO;
				SWIFT_VERSION = 5.0;
				TARGETED_DEVICE_FAMILY = "1,2";
				TEST_HOST = "$(BUILT_PRODUCTS_DIR)/GitHubProfileAgileContent.app/$(BUNDLE_EXECUTABLE_FOLDER_PATH)/GitHubProfileAgileContent";
			};
			name = Debug;
		};
		47C8C92D2D541EAB00F2CEA0 /* Release */ = {
			isa = XCBuildConfiguration;
			buildSettings = {
				BUNDLE_LOADER = "$(TEST_HOST)";
				CODE_SIGN_STYLE = Automatic;
				CURRENT_PROJECT_VERSION = 1;
				GENERATE_INFOPLIST_FILE = YES;
				IPHONEOS_DEPLOYMENT_TARGET = 18.2;
				MARKETING_VERSION = 1.0;
				PRODUCT_BUNDLE_IDENTIFIER = br.com.agile.GitHubProfileAgileContentTests;
				PRODUCT_NAME = "$(TARGET_NAME)";
				SWIFT_EMIT_LOC_STRINGS = NO;
				SWIFT_VERSION = 5.0;
				TARGETED_DEVICE_FAMILY = "1,2";
				TEST_HOST = "$(BUILT_PRODUCTS_DIR)/GitHubProfileAgileContent.app/$(BUNDLE_EXECUTABLE_FOLDER_PATH)/GitHubProfileAgileContent";
			};
			name = Release;
		};
		47C8C92F2D541EAB00F2CEA0 /* Debug */ = {
			isa = XCBuildConfiguration;
			buildSettings = {
				CODE_SIGN_STYLE = Automatic;
				CURRENT_PROJECT_VERSION = 1;
				GENERATE_INFOPLIST_FILE = YES;
				MARKETING_VERSION = 1.0;
				PRODUCT_BUNDLE_IDENTIFIER = br.com.agile.GitHubProfileAgileContentUITests;
				PRODUCT_NAME = "$(TARGET_NAME)";
				SWIFT_EMIT_LOC_STRINGS = NO;
				SWIFT_VERSION = 5.0;
				TARGETED_DEVICE_FAMILY = "1,2";
				TEST_TARGET_NAME = GitHubProfileAgileContent;
			};
			name = Debug;
		};
		47C8C9302D541EAB00F2CEA0 /* Release */ = {
			isa = XCBuildConfiguration;
			buildSettings = {
				CODE_SIGN_STYLE = Automatic;
				CURRENT_PROJECT_VERSION = 1;
				GENERATE_INFOPLIST_FILE = YES;
				MARKETING_VERSION = 1.0;
				PRODUCT_BUNDLE_IDENTIFIER = br.com.agile.GitHubProfileAgileContentUITests;
				PRODUCT_NAME = "$(TARGET_NAME)";
				SWIFT_EMIT_LOC_STRINGS = NO;
				SWIFT_VERSION = 5.0;
				TARGETED_DEVICE_FAMILY = "1,2";
				TEST_TARGET_NAME = GitHubProfileAgileContent;
			};
			name = Release;
		};
/* End XCBuildConfiguration section */

/* Begin XCConfigurationList section */
		47C8C8F82D541EAA00F2CEA0 /* Build configuration list for PBXProject "GitHubProfileAgileContent" */ = {
			isa = XCConfigurationList;
			buildConfigurations = (
				47C8C9292D541EAB00F2CEA0 /* Debug */,
				47C8C92A2D541EAB00F2CEA0 /* Release */,
			);
			defaultConfigurationIsVisible = 0;
			defaultConfigurationName = Release;
		};
		47C8C9262D541EAB00F2CEA0 /* Build configuration list for PBXNativeTarget "GitHubProfileAgileContent" */ = {
			isa = XCConfigurationList;
			buildConfigurations = (
				47C8C9272D541EAB00F2CEA0 /* Debug */,
				47C8C9282D541EAB00F2CEA0 /* Release */,
			);
			defaultConfigurationIsVisible = 0;
			defaultConfigurationName = Release;
		};
		47C8C92B2D541EAB00F2CEA0 /* Build configuration list for PBXNativeTarget "GitHubProfileAgileContentTests" */ = {
			isa = XCConfigurationList;
			buildConfigurations = (
				47C8C92C2D541EAB00F2CEA0 /* Debug */,
				47C8C92D2D541EAB00F2CEA0 /* Release */,
			);
			defaultConfigurationIsVisible = 0;
			defaultConfigurationName = Release;
		};
		47C8C92E2D541EAB00F2CEA0 /* Build configuration list for PBXNativeTarget "GitHubProfileAgileContentUITests" */ = {
			isa = XCConfigurationList;
			buildConfigurations = (
				47C8C92F2D541EAB00F2CEA0 /* Debug */,
				47C8C9302D541EAB00F2CEA0 /* Release */,
			);
			defaultConfigurationIsVisible = 0;
			defaultConfigurationName = Release;
		};
/* End XCConfigurationList section */
	};
	rootObject = 47C8C8F52D541EAA00F2CEA0 /* Project object */;
}
